
Microsoft Visual Studio Solution File, Format Version 12.00
# Visual Studio Version 17
VisualStudioVersion = 17.8.34330.188
MinimumVisualStudioVersion = 10.0.40219.1
Project("{FAE04EC0-301F-11D3-BF4B-00C04F79EFBC}") = "W7 Checkpoint 1 Assesment", "W7 Checkpoint 1 Assesment.csproj", "{7098CCEC-0E32-49E5-8CC3-B704E7F691F1}"
EndProject
Global
	GlobalSection(SolutionConfigurationPlatforms) = preSolution
		Debug|Any CPU = Debug|Any CPU
		Release|Any CPU = Release|Any CPU
	EndGlobalSection
	GlobalSection(ProjectConfigurationPlatforms) = postSolution
		{7098CCEC-0E32-49E5-8CC3-B704E7F691F1}.Debug|Any CPU.ActiveCfg = Debug|Any CPU
		{7098CCEC-0E32-49E5-8CC3-B704E7F691F1}.Debug|Any CPU.Build.0 = Debug|Any CPU
		{7098CCEC-0E32-49E5-8CC3-B704E7F691F1}.Release|Any CPU.ActiveCfg = Release|Any CPU
		{7098CCEC-0E32-49E5-8CC3-B704E7F691F1}.Release|Any CPU.Build.0 = Release|Any CPU
	EndGlobalSection
	GlobalSection(SolutionProperties) = preSolution
		HideSolutionNode = FALSE
	EndGlobalSection
	GlobalSection(ExtensibilityGlobals) = postSolution
		SolutionGuid = {D8FB06A3-AEDE-4705-8313-C1F43504E31E}
	EndGlobalSection
EndGlobal
